
Microsoft Visual Studio Solution File, Format Version 12.00
# Visual Studio Version 16
VisualStudioVersion = 16.0.30114.105
MinimumVisualStudioVersion = 10.0.40219.1
Project("{FAE04EC0-301F-11D3-BF4B-00C04F79EFBC}") = "HangmanGame", "HangmanGame\HangmanGame.csproj", "{58BBF2D7-58CF-419B-AF75-3EC18E55DBAA}"
EndProject
Project("{FAE04EC0-301F-11D3-BF4B-00C04F79EFBC}") = "UnitTests", "UnitTests\UnitTests.csproj", "{6E15B295-9C56-4E39-92ED-0F995A3008C6}"
EndProject
Global
	GlobalSection(SolutionConfigurationPlatforms) = preSolution
		Debug|Any CPU = Debug|Any CPU
		Debug|x64 = Debug|x64
		Debug|x86 = Debug|x86
		Release|Any CPU = Release|Any CPU
		Release|x64 = Release|x64
		Release|x86 = Release|x86
	EndGlobalSection
	GlobalSection(SolutionProperties) = preSolution
		HideSolutionNode = FALSE
	EndGlobalSection
	GlobalSection(ProjectConfigurationPlatforms) = postSolution
		{58BBF2D7-58CF-419B-AF75-3EC18E55DBAA}.Debug|Any CPU.ActiveCfg = Debug|Any CPU
		{58BBF2D7-58CF-419B-AF75-3EC18E55DBAA}.Debug|Any CPU.Build.0 = Debug|Any CPU
		{58BBF2D7-58CF-419B-AF75-3EC18E55DBAA}.Debug|x64.ActiveCfg = Debug|Any CPU
		{58BBF2D7-58CF-419B-AF75-3EC18E55DBAA}.Debug|x64.Build.0 = Debug|Any CPU
		{58BBF2D7-58CF-419B-AF75-3EC18E55DBAA}.Debug|x86.ActiveCfg = Debug|Any CPU
		{58BBF2D7-58CF-419B-AF75-3EC18E55DBAA}.Debug|x86.Build.0 = Debug|Any CPU
		{58BBF2D7-58CF-419B-AF75-3EC18E55DBAA}.Release|Any CPU.ActiveCfg = Release|Any CPU
		{58BBF2D7-58CF-419B-AF75-3EC18E55DBAA}.Release|Any CPU.Build.0 = Release|Any CPU
		{58BBF2D7-58CF-419B-AF75-3EC18E55DBAA}.Release|x64.ActiveCfg = Release|Any CPU
		{58BBF2D7-58CF-419B-AF75-3EC18E55DBAA}.Release|x64.Build.0 = Release|Any CPU
		{58BBF2D7-58CF-419B-AF75-3EC18E55DBAA}.Release|x86.ActiveCfg = Release|Any CPU
		{58BBF2D7-58CF-419B-AF75-3EC18E55DBAA}.Release|x86.Build.0 = Release|Any CPU
		{6E15B295-9C56-4E39-92ED-0F995A3008C6}.Debug|Any CPU.ActiveCfg = Debug|Any CPU
		{6E15B295-9C56-4E39-92ED-0F995A3008C6}.Debug|Any CPU.Build.0 = Debug|Any CPU
		{6E15B295-9C56-4E39-92ED-0F995A3008C6}.Debug|x64.ActiveCfg = Debug|Any CPU
		{6E15B295-9C56-4E39-92ED-0F995A3008C6}.Debug|x64.Build.0 = Debug|Any CPU
		{6E15B295-9C56-4E39-92ED-0F995A3008C6}.Debug|x86.ActiveCfg = Debug|Any CPU
		{6E15B295-9C56-4E39-92ED-0F995A3008C6}.Debug|x86.Build.0 = Debug|Any CPU
		{6E15B295-9C56-4E39-92ED-0F995A3008C6}.Release|Any CPU.ActiveCfg = Release|Any CPU
		{6E15B295-9C56-4E39-92ED-0F995A3008C6}.Release|Any CPU.Build.0 = Release|Any CPU
		{6E15B295-9C56-4E39-92ED-0F995A3008C6}.Release|x64.ActiveCfg = Release|Any CPU
		{6E15B295-9C56-4E39-92ED-0F995A3008C6}.Release|x64.Build.0 = Release|Any CPU
		{6E15B295-9C56-4E39-92ED-0F995A3008C6}.Release|x86.ActiveCfg = Release|Any CPU
		{6E15B295-9C56-4E39-92ED-0F995A3008C6}.Release|x86.Build.0 = Release|Any CPU
	EndGlobalSection
EndGlobal
